
Microsoft Visual Studio Solution File, Format Version 12.00
# Visual Studio Version 17
VisualStudioVersion = 17.3.32819.101
MinimumVisualStudioVersion = 10.0.40219.1
Project("{FAE04EC0-301F-11D3-BF4B-00C04F79EFBC}") = "HotelManagementSystem", "HotelManagementSystem\HotelManagementSystem.csproj", "{044BF188-819A-45D7-B428-20FBEAA99A3B}"
EndProject
Global
	GlobalSection(SolutionConfigurationPlatforms) = preSolution
		Debug|Any CPU = Debug|Any CPU
		Release|Any CPU = Release|Any CPU
	EndGlobalSection
	GlobalSection(ProjectConfigurationPlatforms) = postSolution
		{044BF188-819A-45D7-B428-20FBEAA99A3B}.Debug|Any CPU.ActiveCfg = Debug|Any CPU
		{044BF188-819A-45D7-B428-20FBEAA99A3B}.Debug|Any CPU.Build.0 = Debug|Any CPU
		{044BF188-819A-45D7-B428-20FBEAA99A3B}.Release|Any CPU.ActiveCfg = Release|Any CPU
		{044BF188-819A-45D7-B428-20FBEAA99A3B}.Release|Any CPU.Build.0 = Release|Any CPU
	EndGlobalSection
	GlobalSection(SolutionProperties) = preSolution
		HideSolutionNode = FALSE
	EndGlobalSection
	GlobalSection(ExtensibilityGlobals) = postSolution
		SolutionGuid = {F879CCC0-F14B-4667-8683-39204B217AAA}
	EndGlobalSection
EndGlobal
